// !$*UTF8*$!
{
	archiveVersion = 1;
	classes = {
	};
	objectVersion = 56;
	objects = {

/* Begin PBXBuildFile section */
		AA0001 /* MiddleClick2App.swift in Sources */ = {isa = PBXBuildFile; fileRef = BB0001 /* MiddleClick2App.swift */; };
		AA0002 /* AppDelegate.swift in Sources */ = {isa = PBXBuildFile; fileRef = BB0002 /* AppDelegate.swift */; };
		AA0003 /* ClickMode.swift in Sources */ = {isa = PBXBuildFile; fileRef = BB0003 /* ClickMode.swift */; };
		AA0004 /* GestureDetector.swift in Sources */ = {isa = PBXBuildFile; fileRef = BB0004 /* GestureDetector.swift */; };
		AA0005 /* ClickEmulator.swift in Sources */ = {isa = PBXBuildFile; fileRef = BB0005 /* ClickEmulator.swift */; };
		AA0006 /* MultitouchManager.swift in Sources */ = {isa = PBXBuildFile; fileRef = BB0006 /* MultitouchManager.swift */; };
		AA0007 /* MultitouchTypes.swift in Sources */ = {isa = PBXBuildFile; fileRef = BB0007 /* MultitouchTypes.swift */; };
		AA0008 /* CoreGraphicsExtensions.swift in Sources */ = {isa = PBXBuildFile; fileRef = BB0008 /* CoreGraphicsExtensions.swift */; };
		AA0009 /* SystemEventMonitor.swift in Sources */ = {isa = PBXBuildFile; fileRef = BB0009 /* SystemEventMonitor.swift */; };
		AA0010 /* DeviceLifecycleManager.swift in Sources */ = {isa = PBXBuildFile; fileRef = BB0010 /* DeviceLifecycleManager.swift */; };
		AA0011 /* MenuBarView.swift in Sources */ = {isa = PBXBuildFile; fileRef = BB0011 /* MenuBarView.swift */; };
		AA0012 /* Logger.swift in Sources */ = {isa = PBXBuildFile; fileRef = BB0012 /* Logger.swift */; };
		AA0013 /* Constants.swift in Sources */ = {isa = PBXBuildFile; fileRef = BB0013 /* Constants.swift */; };
		AA0014 /* ApplicationServices.framework in Frameworks */ = {isa = PBXBuildFile; fileRef = CC0001 /* ApplicationServices.framework */; };
		AA0015 /* IOKit.framework in Frameworks */ = {isa = PBXBuildFile; fileRef = CC0002 /* IOKit.framework */; };
		AA0016 /* CoreGraphics.framework in Frameworks */ = {isa = PBXBuildFile; fileRef = CC0003 /* CoreGraphics.framework */; };
		AA0017 /* MultitouchBridge.m in Sources */ = {isa = PBXBuildFile; fileRef = BB0017 /* MultitouchBridge.m */; };
/* End PBXBuildFile section */

/* Begin PBXFileReference section */
		DD0001 /* MiddleClick2.app */ = {isa = PBXFileReference; explicitFileType = wrapper.application; includeInIndex = 0; path = MiddleClick2.app; sourceTree = BUILT_PRODUCTS_DIR; };
		BB0001 /* MiddleClick2App.swift */ = {isa = PBXFileReference; lastKnownFileType = sourcecode.swift; path = MiddleClick2App.swift; sourceTree = "<group>"; };
		BB0002 /* AppDelegate.swift */ = {isa = PBXFileReference; lastKnownFileType = sourcecode.swift; path = AppDelegate.swift; sourceTree = "<group>"; };
		BB0003 /* ClickMode.swift */ = {isa = PBXFileReference; lastKnownFileType = sourcecode.swift; path = ClickMode.swift; sourceTree = "<group>"; };
		BB0004 /* GestureDetector.swift */ = {isa = PBXFileReference; lastKnownFileType = sourcecode.swift; path = GestureDetector.swift; sourceTree = "<group>"; };
		BB0005 /* ClickEmulator.swift */ = {isa = PBXFileReference; lastKnownFileType = sourcecode.swift; path = ClickEmulator.swift; sourceTree = "<group>"; };
		BB0006 /* MultitouchManager.swift */ = {isa = PBXFileReference; lastKnownFileType = sourcecode.swift; path = MultitouchManager.swift; sourceTree = "<group>"; };
		BB0007 /* MultitouchTypes.swift */ = {isa = PBXFileReference; lastKnownFileType = sourcecode.swift; path = MultitouchTypes.swift; sourceTree = "<group>"; };
		BB0008 /* CoreGraphicsExtensions.swift */ = {isa = PBXFileReference; lastKnownFileType = sourcecode.swift; path = CoreGraphicsExtensions.swift; sourceTree = "<group>"; };
		BB0009 /* SystemEventMonitor.swift */ = {isa = PBXFileReference; lastKnownFileType = sourcecode.swift; path = SystemEventMonitor.swift; sourceTree = "<group>"; };
		BB0010 /* DeviceLifecycleManager.swift */ = {isa = PBXFileReference; lastKnownFileType = sourcecode.swift; path = DeviceLifecycleManager.swift; sourceTree = "<group>"; };
		BB0011 /* MenuBarView.swift */ = {isa = PBXFileReference; lastKnownFileType = sourcecode.swift; path = MenuBarView.swift; sourceTree = "<group>"; };
		BB0012 /* Logger.swift */ = {isa = PBXFileReference; lastKnownFileType = sourcecode.swift; path = Logger.swift; sourceTree = "<group>"; };
		BB0013 /* Constants.swift */ = {isa = PBXFileReference; lastKnownFileType = sourcecode.swift; path = Constants.swift; sourceTree = "<group>"; };
		BB0014 /* MultitouchSupport.h */ = {isa = PBXFileReference; lastKnownFileType = sourcecode.c.h; path = MultitouchSupport.h; sourceTree = "<group>"; };
		BB0015 /* Info.plist */ = {isa = PBXFileReference; lastKnownFileType = text.plist.xml; path = Info.plist; sourceTree = "<group>"; };
		BB0016 /* MiddleClick2.entitlements */ = {isa = PBXFileReference; lastKnownFileType = text.plist.entitlements; path = MiddleClick2.entitlements; sourceTree = "<group>"; };
		CC0001 /* ApplicationServices.framework */ = {isa = PBXFileReference; lastKnownFileType = wrapper.framework; name = ApplicationServices.framework; path = System/Library/Frameworks/ApplicationServices.framework; sourceTree = SDKROOT; };
		CC0002 /* IOKit.framework */ = {isa = PBXFileReference; lastKnownFileType = wrapper.framework; name = IOKit.framework; path = System/Library/Frameworks/IOKit.framework; sourceTree = SDKROOT; };
		CC0003 /* CoreGraphics.framework */ = {isa = PBXFileReference; lastKnownFileType = wrapper.framework; name = CoreGraphics.framework; path = System/Library/Frameworks/CoreGraphics.framework; sourceTree = SDKROOT; };
		BB0017 /* MultitouchBridge.m */ = {isa = PBXFileReference; lastKnownFileType = sourcecode.c.objc; path = MultitouchBridge.m; sourceTree = "<group>"; };
		BB0018 /* MultitouchBridge.h */ = {isa = PBXFileReference; lastKnownFileType = sourcecode.c.h; path = MultitouchBridge.h; sourceTree = "<group>"; };
/* End PBXFileReference section */

/* Begin PBXFrameworksBuildPhase section */
		EE0001 /* Frameworks */ = {
			isa = PBXFrameworksBuildPhase;
			buildActionMask = 2147483647;
			files = (
				AA0014 /* ApplicationServices.framework in Frameworks */,
				AA0015 /* IOKit.framework in Frameworks */,
				AA0016 /* CoreGraphics.framework in Frameworks */,
			);
			runOnlyForDeploymentPostprocessing = 0;
		};
/* End PBXFrameworksBuildPhase section */

/* Begin PBXGroup section */
		FF0001 = {
			isa = PBXGroup;
			children = (
				FF0002 /* MiddleClick2Swift */,
				FF0003 /* Products */,
				FF0004 /* Frameworks */,
			);
			sourceTree = "<group>";
		};
		FF0002 /* MiddleClick2Swift */ = {
			isa = PBXGroup;
			children = (
				FF0005 /* App */,
				FF0006 /* Core */,
				FF0007 /* Bridges */,
				FF0008 /* Services */,
				FF0009 /* UI */,
				FF0010 /* Utilities */,
				FF0011 /* Resources */,
			);
			path = MiddleClick2Swift;
			sourceTree = "<group>";
		};
		FF0003 /* Products */ = {
			isa = PBXGroup;
			children = (
				DD0001 /* MiddleClick2.app */,
			);
			name = Products;
			sourceTree = "<group>";
		};
		FF0004 /* Frameworks */ = {
			isa = PBXGroup;
			children = (
				CC0001 /* ApplicationServices.framework */,
				CC0002 /* IOKit.framework */,
				CC0003 /* CoreGraphics.framework */,
			);
			name = Frameworks;
			sourceTree = "<group>";
		};
		FF0005 /* App */ = {
			isa = PBXGroup;
			children = (
				BB0001 /* MiddleClick2App.swift */,
				BB0002 /* AppDelegate.swift */,
				BB0015 /* Info.plist */,
			);
			path = App;
			sourceTree = "<group>";
		};
		FF0006 /* Core */ = {
			isa = PBXGroup;
			children = (
				BB0003 /* ClickMode.swift */,
				BB0004 /* GestureDetector.swift */,
				BB0005 /* ClickEmulator.swift */,
				BB0006 /* MultitouchManager.swift */,
			);
			path = Core;
			sourceTree = "<group>";
		};
		FF0007 /* Bridges */ = {
			isa = PBXGroup;
			children = (
				BB0014 /* MultitouchSupport.h */,
				BB0018 /* MultitouchBridge.h */,
				BB0017 /* MultitouchBridge.m */,
				BB0007 /* MultitouchTypes.swift */,
				BB0008 /* CoreGraphicsExtensions.swift */,
			);
			path = Bridges;
			sourceTree = "<group>";
		};
		FF0008 /* Services */ = {
			isa = PBXGroup;
			children = (
				BB0009 /* SystemEventMonitor.swift */,
				BB0010 /* DeviceLifecycleManager.swift */,
			);
			path = Services;
			sourceTree = "<group>";
		};
		FF0009 /* UI */ = {
			isa = PBXGroup;
			children = (
				BB0011 /* MenuBarView.swift */,
			);
			path = UI;
			sourceTree = "<group>";
		};
		FF0010 /* Utilities */ = {
			isa = PBXGroup;
			children = (
				BB0012 /* Logger.swift */,
				BB0013 /* Constants.swift */,
			);
			path = Utilities;
			sourceTree = "<group>";
		};
		FF0011 /* Resources */ = {
			isa = PBXGroup;
			children = (
				BB0016 /* MiddleClick2.entitlements */,
			);
			path = Resources;
			sourceTree = "<group>";
		};
/* End PBXGroup section */

/* Begin PBXNativeTarget section */
		TT0001 /* MiddleClick2 */ = {
			isa = PBXNativeTarget;
			buildConfigurationList = BC0001 /* Build configuration list for PBXNativeTarget "MiddleClick2" */;
			buildPhases = (
				PP0001 /* Sources */,
				EE0001 /* Frameworks */,
			);
			buildRules = (
			);
			dependencies = (
			);
			name = MiddleClick2;
			productName = MiddleClick2;
			productReference = DD0001 /* MiddleClick2.app */;
			productType = "com.apple.product-type.application";
		};
/* End PBXNativeTarget section */

/* Begin PBXProject section */
		ROOT0001 /* Project object */ = {
			isa = PBXProject;
			attributes = {
				BuildIndependentTargetsInParallel = 1;
				LastSwiftUpdateCheck = 1540;
				LastUpgradeCheck = 1540;
				TargetAttributes = {
					TT0001 = {
						CreatedOnToolsVersion = 15.4;
					};
				};
			};
			buildConfigurationList = BC0002 /* Build configuration list for PBXProject "MiddleClick2" */;
			compatibilityVersion = "Xcode 14.0";
			developmentRegion = en;
			hasScannedForEncodings = 0;
			knownRegions = (
				en,
				Base,
			);
			mainGroup = FF0001;
			productRefGroup = FF0003 /* Products */;
			projectDirPath = "";
			projectRoot = "";
			targets = (
				TT0001 /* MiddleClick2 */,
			);
		};
/* End PBXProject section */

/* Begin PBXSourcesBuildPhase section */
		PP0001 /* Sources */ = {
			isa = PBXSourcesBuildPhase;
			buildActionMask = 2147483647;
			files = (
				AA0001 /* MiddleClick2App.swift in Sources */,
				AA0002 /* AppDelegate.swift in Sources */,
				AA0003 /* ClickMode.swift in Sources */,
				AA0004 /* GestureDetector.swift in Sources */,
				AA0005 /* ClickEmulator.swift in Sources */,
				AA0006 /* MultitouchManager.swift in Sources */,
				AA0007 /* MultitouchTypes.swift in Sources */,
				AA0008 /* CoreGraphicsExtensions.swift in Sources */,
				AA0009 /* SystemEventMonitor.swift in Sources */,
				AA0010 /* DeviceLifecycleManager.swift in Sources */,
				AA0011 /* MenuBarView.swift in Sources */,
				AA0012 /* Logger.swift in Sources */,
				AA0013 /* Constants.swift in Sources */,
				AA0017 /* MultitouchBridge.m in Sources */,
			);
			runOnlyForDeploymentPostprocessing = 0;
		};
/* End PBXSourcesBuildPhase section */

/* Begin XCBuildConfiguration section */
		XCONF001 /* Debug */ = {
			isa = XCBuildConfiguration;
			buildSettings = {
				ALWAYS_SEARCH_USER_PATHS = NO;
				ASSETCATALOG_COMPILER_GENERATE_SWIFT_ASSET_SYMBOL_EXTENSIONS = YES;
				CLANG_ANALYZER_NONNULL = YES;
				CLANG_ANALYZER_NUMBER_OBJECT_CONVERSION = YES_AGGRESSIVE;
				CLANG_CXX_LANGUAGE_STANDARD = "gnu++20";
				CLANG_ENABLE_MODULES = YES;
				CLANG_ENABLE_OBJC_ARC = YES;
				CLANG_ENABLE_OBJC_WEAK = YES;
				CLANG_WARN_BLOCK_CAPTURE_AUTORELEASING = YES;
				CLANG_WARN_BOOL_CONVERSION = YES;
				CLANG_WARN_COMMA = YES;
				CLANG_WARN_CONSTANT_CONVERSION = YES;
				CLANG_WARN_DEPRECATED_OBJC_IMPLEMENTATIONS = YES;
				CLANG_WARN_DIRECT_OBJC_ISA_USAGE = YES_ERROR;
				CLANG_WARN_DOCUMENTATION_COMMENTS = YES;
				CLANG_WARN_EMPTY_BODY = YES;
				CLANG_WARN_ENUM_CONVERSION = YES;
				CLANG_WARN_INFINITE_RECURSION = YES;
				CLANG_WARN_INT_CONVERSION = YES;
				CLANG_WARN_NON_LITERAL_NULL_CONVERSION = YES;
				CLANG_WARN_OBJC_IMPLICIT_RETAIN_SELF = YES;
				CLANG_WARN_OBJC_LITERAL_CONVERSION = YES;
				CLANG_WARN_OBJC_ROOT_CLASS = YES_ERROR;
				CLANG_WARN_QUOTED_INCLUDE_IN_FRAMEWORK_HEADER = YES;
				CLANG_WARN_RANGE_LOOP_ANALYSIS = YES;
				CLANG_WARN_STRICT_PROTOTYPES = YES;
				CLANG_WARN_SUSPICIOUS_MOVE = YES;
				CLANG_WARN_UNGUARDED_AVAILABILITY = YES_AGGRESSIVE;
				CLANG_WARN_UNREACHABLE_CODE = YES;
				CLANG_WARN__DUPLICATE_METHOD_MATCH = YES;
				COPY_PHASE_STRIP = NO;
				DEBUG_INFORMATION_FORMAT = dwarf;
				ENABLE_STRICT_OBJC_MSGSEND = YES;
				ENABLE_TESTABILITY = YES;
				ENABLE_USER_SCRIPT_SANDBOXING = YES;
				GCC_C_LANGUAGE_STANDARD = gnu17;
				GCC_DYNAMIC_NO_PIC = NO;
				GCC_NO_COMMON_BLOCKS = YES;
				GCC_OPTIMIZATION_LEVEL = 0;
				GCC_PREPROCESSOR_DEFINITIONS = (
					"DEBUG=1",
					"$(inherited)",
				);
				GCC_WARN_64_TO_32_BIT_CONVERSION = YES;
				GCC_WARN_ABOUT_RETURN_TYPE = YES_ERROR;
				GCC_WARN_UNDECLARED_SELECTOR = YES;
				GCC_WARN_UNINITIALIZED_AUTOS = YES_AGGRESSIVE;
				GCC_WARN_UNUSED_FUNCTION = YES;
				GCC_WARN_UNUSED_VARIABLE = YES;
				LOCALIZATION_PREFERS_STRING_CATALOGS = YES;
				MACOSX_DEPLOYMENT_TARGET = 13.0;
				MTL_ENABLE_DEBUG_INFO = INCLUDE_SOURCE;
				MTL_FAST_MATH = YES;
				ONLY_ACTIVE_ARCH = YES;
				SDKROOT = macosx;
				SWIFT_ACTIVE_COMPILATION_CONDITIONS = "DEBUG $(inherited)";
				SWIFT_OPTIMIZATION_LEVEL = "-Onone";
			};
			name = Debug;
		};
		XCONF002 /* Release */ = {
			isa = XCBuildConfiguration;
			buildSettings = {
				ALWAYS_SEARCH_USER_PATHS = NO;
				ASSETCATALOG_COMPILER_GENERATE_SWIFT_ASSET_SYMBOL_EXTENSIONS = YES;
				CLANG_ANALYZER_NONNULL = YES;
				CLANG_ANALYZER_NUMBER_OBJECT_CONVERSION = YES_AGGRESSIVE;
				CLANG_CXX_LANGUAGE_STANDARD = "gnu++20";
				CLANG_ENABLE_MODULES = YES;
				CLANG_ENABLE_OBJC_ARC = YES;
				CLANG_ENABLE_OBJC_WEAK = YES;
				CLANG_WARN_BLOCK_CAPTURE_AUTORELEASING = YES;
				CLANG_WARN_BOOL_CONVERSION = YES;
				CLANG_WARN_COMMA = YES;
				CLANG_WARN_CONSTANT_CONVERSION = YES;
				CLANG_WARN_DEPRECATED_OBJC_IMPLEMENTATIONS = YES;
				CLANG_WARN_DIRECT_OBJC_ISA_USAGE = YES_ERROR;
				CLANG_WARN_DOCUMENTATION_COMMENTS = YES;
				CLANG_WARN_EMPTY_BODY = YES;
				CLANG_WARN_ENUM_CONVERSION = YES;
				CLANG_WARN_INFINITE_RECURSION = YES;
				CLANG_WARN_INT_CONVERSION = YES;
				CLANG_WARN_NON_LITERAL_NULL_CONVERSION = YES;
				CLANG_WARN_OBJC_IMPLICIT_RETAIN_SELF = YES;
				CLANG_WARN_OBJC_LITERAL_CONVERSION = YES;
				CLANG_WARN_OBJC_ROOT_CLASS = YES_ERROR;
				CLANG_WARN_QUOTED_INCLUDE_IN_FRAMEWORK_HEADER = YES;
				CLANG_WARN_RANGE_LOOP_ANALYSIS = YES;
				CLANG_WARN_STRICT_PROTOTYPES = YES;
				CLANG_WARN_SUSPICIOUS_MOVE = YES;
				CLANG_WARN_UNGUARDED_AVAILABILITY = YES_AGGRESSIVE;
				CLANG_WARN_UNREACHABLE_CODE = YES;
				CLANG_WARN__DUPLICATE_METHOD_MATCH = YES;
				COPY_PHASE_STRIP = NO;
				DEBUG_INFORMATION_FORMAT = "dwarf-with-dsym";
				ENABLE_NS_ASSERTIONS = NO;
				ENABLE_STRICT_OBJC_MSGSEND = YES;
				ENABLE_USER_SCRIPT_SANDBOXING = YES;
				GCC_C_LANGUAGE_STANDARD = gnu17;
				GCC_NO_COMMON_BLOCKS = YES;
				GCC_WARN_64_TO_32_BIT_CONVERSION = YES;
				GCC_WARN_ABOUT_RETURN_TYPE = YES_ERROR;
				GCC_WARN_UNDECLARED_SELECTOR = YES;
				GCC_WARN_UNINITIALIZED_AUTOS = YES_AGGRESSIVE;
				GCC_WARN_UNUSED_FUNCTION = YES;
				GCC_WARN_UNUSED_VARIABLE = YES;
				LOCALIZATION_PREFERS_STRING_CATALOGS = YES;
				MACOSX_DEPLOYMENT_TARGET = 13.0;
				MTL_ENABLE_DEBUG_INFO = NO;
				MTL_FAST_MATH = YES;
				SDKROOT = macosx;
				SWIFT_COMPILATION_MODE = wholemodule;
			};
			name = Release;
		};
		XCONF003 /* Debug */ = {
			isa = XCBuildConfiguration;
			buildSettings = {
				ASSETCATALOG_COMPILER_APPICON_NAME = AppIcon;
				ASSETCATALOG_COMPILER_GLOBAL_ACCENT_COLOR_NAME = AccentColor;
				CODE_SIGN_ENTITLEMENTS = MiddleClick2Swift/Resources/MiddleClick2.entitlements;
				CODE_SIGN_STYLE = Automatic;
				COMBINE_HIDPI_IMAGES = YES;
				CURRENT_PROJECT_VERSION = 1;
				DEVELOPMENT_TEAM = "";
				ENABLE_HARDENED_RUNTIME = YES;
				ENABLE_PREVIEWS = YES;
				FRAMEWORK_SEARCH_PATHS = (
					"$(inherited)",
					"/System/Library/PrivateFrameworks",
				);
				GENERATE_INFOPLIST_FILE = NO;
				INFOPLIST_FILE = MiddleClick2Swift/App/Info.plist;
				INFOPLIST_KEY_LSApplicationCategoryType = "public.app-category.utilities";
				INFOPLIST_KEY_NSHumanReadableCopyright = "";
				LD_RUNPATH_SEARCH_PATHS = (
					"$(inherited)",
					"@executable_path/../Frameworks",
				);
				MARKETING_VERSION = 2.0;
				OTHER_LDFLAGS = (
					"-framework",
					MultitouchSupport,
				);
				PRODUCT_BUNDLE_IDENTIFIER = com.middleclick2.app;
				PRODUCT_NAME = "$(TARGET_NAME)";
				SWIFT_EMIT_LOC_STRINGS = YES;
				SWIFT_OBJC_BRIDGING_HEADER = MiddleClick2Swift/Bridges/MultitouchSupport.h;
				SWIFT_VERSION = 5.0;
			};
			name = Debug;
		};
		XCONF004 /* Release */ = {
			isa = XCBuildConfiguration;
			buildSettings = {
				ASSETCATALOG_COMPILER_APPICON_NAME = AppIcon;
				ASSETCATALOG_COMPILER_GLOBAL_ACCENT_COLOR_NAME = AccentColor;
				CODE_SIGN_ENTITLEMENTS = MiddleClick2Swift/Resources/MiddleClick2.entitlements;
				CODE_SIGN_STYLE = Automatic;
				COMBINE_HIDPI_IMAGES = YES;
				CURRENT_PROJECT_VERSION = 1;
				DEVELOPMENT_TEAM = "";
				ENABLE_HARDENED_RUNTIME = YES;
				ENABLE_PREVIEWS = YES;
				FRAMEWORK_SEARCH_PATHS = (
					"$(inherited)",
					"/System/Library/PrivateFrameworks",
				);
				GENERATE_INFOPLIST_FILE = NO;
				INFOPLIST_FILE = MiddleClick2Swift/App/Info.plist;
				INFOPLIST_KEY_LSApplicationCategoryType = "public.app-category.utilities";
				INFOPLIST_KEY_NSHumanReadableCopyright = "";
				LD_RUNPATH_SEARCH_PATHS = (
					"$(inherited)",
					"@executable_path/../Frameworks",
				);
				MARKETING_VERSION = 2.0;
				OTHER_LDFLAGS = (
					"-framework",
					MultitouchSupport,
				);
				PRODUCT_BUNDLE_IDENTIFIER = com.middleclick2.app;
				PRODUCT_NAME = "$(TARGET_NAME)";
				SWIFT_EMIT_LOC_STRINGS = YES;
				SWIFT_OBJC_BRIDGING_HEADER = MiddleClick2Swift/Bridges/MultitouchSupport.h;
				SWIFT_VERSION = 5.0;
			};
			name = Release;
		};
/* End XCBuildConfiguration section */

/* Begin XCConfigurationList section */
		BC0001 /* Build configuration list for PBXNativeTarget "MiddleClick2" */ = {
			isa = XCConfigurationList;
			buildConfigurations = (
				XCONF003 /* Debug */,
				XCONF004 /* Release */,
			);
			defaultConfigurationIsVisible = 0;
			defaultConfigurationName = Release;
		};
		BC0002 /* Build configuration list for PBXProject "MiddleClick2" */ = {
			isa = XCConfigurationList;
			buildConfigurations = (
				XCONF001 /* Debug */,
				XCONF002 /* Release */,
			);
			defaultConfigurationIsVisible = 0;
			defaultConfigurationName = Release;
		};
/* End XCConfigurationList section */
	};
	rootObject = ROOT0001 /* Project object */;
}
